// !$*UTF8*$!
{
	archiveVersion = 1;
	classes = {
	};
	objectVersion = 77;
	objects = {

/* Begin PBXBuildFile section */
		F57453212DDE0D7D0047E989 /* Lottie in Frameworks */ = {isa = PBXBuildFile; productRef = F57453202DDE0D7D0047E989 /* Lottie */; };
		F57453262DDE0DB90047E989 /* SDWebImageSwiftUI in Frameworks */ = {isa = PBXBuildFile; productRef = F57453252DDE0DB90047E989 /* SDWebImageSwiftUI */; };
		F57453512DDE0DD40047E989 /* DisvigoApp.swift in Sources */ = {isa = PBXBuildFile; fileRef = F57453272DDE0DD40047E989 /* DisvigoApp.swift */; };
		F57453522DDE0DD40047E989 /* FavoriteView.swift in Sources */ = {isa = PBXBuildFile; fileRef = F574532A2DDE0DD40047E989 /* FavoriteView.swift */; };
		F57453532DDE0DD40047E989 /* HomeView.swift in Sources */ = {isa = PBXBuildFile; fileRef = F574532D2DDE0DD40047E989 /* HomeView.swift */; };
		F57453542DDE0DD40047E989 /* RootView.swift in Sources */ = {isa = PBXBuildFile; fileRef = F57453302DDE0DD40047E989 /* RootView.swift */; };
		F57453552DDE0DD40047E989 /* SplashView.swift in Sources */ = {isa = PBXBuildFile; fileRef = F57453322DDE0DD40047E989 /* SplashView.swift */; };
		F57453562DDE0DD40047E989 /* AppIcons.swift in Sources */ = {isa = PBXBuildFile; fileRef = F57453482DDE0DD40047E989 /* AppIcons.swift */; };
		F57453572DDE0DD40047E989 /* AppImages.swift in Sources */ = {isa = PBXBuildFile; fileRef = F57453492DDE0DD40047E989 /* AppImages.swift */; };
		F57453582DDE0DD40047E989 /* Font+Ext.swift in Sources */ = {isa = PBXBuildFile; fileRef = F574534B2DDE0DD40047E989 /* Font+Ext.swift */; };
		F57453592DDE0DD40047E989 /* ContentView.swift in Sources */ = {isa = PBXBuildFile; fileRef = F574534E2DDE0DD40047E989 /* ContentView.swift */; };
		F574535A2DDE0DD40047E989 /* Launch Screen.storyboard in Resources */ = {isa = PBXBuildFile; fileRef = F57453282DDE0DD40047E989 /* Launch Screen.storyboard */; };
		F574535B2DDE0DD40047E989 /* Poppins-Bold.ttf in Resources */ = {isa = PBXBuildFile; fileRef = F574533B2DDE0DD40047E989 /* Poppins-Bold.ttf */; };
		F574535C2DDE0DD40047E989 /* Poppins-ExtraBold.ttf in Resources */ = {isa = PBXBuildFile; fileRef = F574533C2DDE0DD40047E989 /* Poppins-ExtraBold.ttf */; };
		F574535D2DDE0DD40047E989 /* Poppins-Italic.ttf in Resources */ = {isa = PBXBuildFile; fileRef = F574533D2DDE0DD40047E989 /* Poppins-Italic.ttf */; };
		F574535E2DDE0DD40047E989 /* Poppins-Light.ttf in Resources */ = {isa = PBXBuildFile; fileRef = F574533E2DDE0DD40047E989 /* Poppins-Light.ttf */; };
		F574535F2DDE0DD40047E989 /* Poppins-Medium.ttf in Resources */ = {isa = PBXBuildFile; fileRef = F574533F2DDE0DD40047E989 /* Poppins-Medium.ttf */; };
		F57453602DDE0DD40047E989 /* Poppins-Regular.ttf in Resources */ = {isa = PBXBuildFile; fileRef = F57453402DDE0DD40047E989 /* Poppins-Regular.ttf */; };
		F57453612DDE0DD40047E989 /* Poppins-SemiBold.ttf in Resources */ = {isa = PBXBuildFile; fileRef = F57453412DDE0DD40047E989 /* Poppins-SemiBold.ttf */; };
		F57453622DDE0DD40047E989 /* Poppins-Thin.ttf in Resources */ = {isa = PBXBuildFile; fileRef = F57453422DDE0DD40047E989 /* Poppins-Thin.ttf */; };
		F57453632DDE0DD40047E989 /* splashLoading.json in Resources */ = {isa = PBXBuildFile; fileRef = F57453442DDE0DD40047E989 /* splashLoading.json */; };
		F57453642DDE0DD40047E989 /* Assets.xcassets in Resources */ = {isa = PBXBuildFile; fileRef = F57453462DDE0DD40047E989 /* Assets.xcassets */; };
		F5BFF5392DDE20F200AEF27D /* DTabView.swift in Sources */ = {isa = PBXBuildFile; fileRef = F5BFF5382DDE20F200AEF27D /* DTabView.swift */; };
		F5BFF53B2DDE211200AEF27D /* DTabModel.swift in Sources */ = {isa = PBXBuildFile; fileRef = F5BFF53A2DDE211200AEF27D /* DTabModel.swift */; };
		F5BFF54E2DDE50D700AEF27D /* City.swift in Sources */ = {isa = PBXBuildFile; fileRef = F5BFF54D2DDE50D700AEF27D /* City.swift */; };
		F5BFF66E2DDE5AAE00AEF27D /* DeveloperPreview.swift in Sources */ = {isa = PBXBuildFile; fileRef = F5BFF66D2DDE5AAE00AEF27D /* DeveloperPreview.swift */; };
		F5F2D8152DDF257C008074F5 /* Router.swift in Sources */ = {isa = PBXBuildFile; fileRef = F5F2D8142DDF257C008074F5 /* Router.swift */; };
		F5F2D8172DDF260C008074F5 /* CityDetailView.swift in Sources */ = {isa = PBXBuildFile; fileRef = F5F2D8162DDF260C008074F5 /* CityDetailView.swift */; };
		F5F2D8192DDF5F47008074F5 /* DLabeledIconView.swift in Sources */ = {isa = PBXBuildFile; fileRef = F5F2D8182DDF5F47008074F5 /* DLabeledIconView.swift */; };
		F5F2D81D2DDF5FAB008074F5 /* DSafariView.swift in Sources */ = {isa = PBXBuildFile; fileRef = F5F2D81C2DDF5FAB008074F5 /* DSafariView.swift */; };
		F5F2D81F2DDF6AC9008074F5 /* DCategoryCardView.swift in Sources */ = {isa = PBXBuildFile; fileRef = F5F2D81E2DDF6AC9008074F5 /* DCategoryCardView.swift */; };
		F5F337AC2DE0F32C00D8345F /* Location.swift in Sources */ = {isa = PBXBuildFile; fileRef = F5F337AB2DE0F32C00D8345F /* Location.swift */; };
		F5F337AE2DE0F35500D8345F /* Food.swift in Sources */ = {isa = PBXBuildFile; fileRef = F5F337AD2DE0F35500D8345F /* Food.swift */; };
		F5F337B02DE0F37100D8345F /* Memory.swift in Sources */ = {isa = PBXBuildFile; fileRef = F5F337AF2DE0F37100D8345F /* Memory.swift */; };
		F5F338482DE109A600D8345F /* View+Ext.swift in Sources */ = {isa = PBXBuildFile; fileRef = F5F338472DE109A600D8345F /* View+Ext.swift */; };
		F5F3384D2DE10E2C00D8345F /* String+Ext.swift in Sources */ = {isa = PBXBuildFile; fileRef = F5F3384C2DE10E2C00D8345F /* String+Ext.swift */; };
		F5F338562DE1174800D8345F /* LocationMapView.swift in Sources */ = {isa = PBXBuildFile; fileRef = F5F338552DE1174800D8345F /* LocationMapView.swift */; };
/* End PBXBuildFile section */

/* Begin PBXCopyFilesBuildPhase section */
		F5C62B632DDE112C0004CE2C /* Embed Frameworks */ = {
			isa = PBXCopyFilesBuildPhase;
			buildActionMask = 2147483647;
			dstPath = "";
			dstSubfolderSpec = 10;
			files = (
			);
			name = "Embed Frameworks";
			runOnlyForDeploymentPostprocessing = 0;
		};
/* End PBXCopyFilesBuildPhase section */

/* Begin PBXFileReference section */
		F553F69B2DDE06B400E06FEA /* Disvigo.app */ = {isa = PBXFileReference; explicitFileType = wrapper.application; includeInIndex = 0; path = Disvigo.app; sourceTree = BUILT_PRODUCTS_DIR; };
		F57453272DDE0DD40047E989 /* DisvigoApp.swift */ = {isa = PBXFileReference; lastKnownFileType = sourcecode.swift; path = DisvigoApp.swift; sourceTree = "<group>"; };
		F57453282DDE0DD40047E989 /* Launch Screen.storyboard */ = {isa = PBXFileReference; lastKnownFileType = file.storyboard; path = "Launch Screen.storyboard"; sourceTree = "<group>"; };
		F574532A2DDE0DD40047E989 /* FavoriteView.swift */ = {isa = PBXFileReference; lastKnownFileType = sourcecode.swift; path = FavoriteView.swift; sourceTree = "<group>"; };
		F574532D2DDE0DD40047E989 /* HomeView.swift */ = {isa = PBXFileReference; lastKnownFileType = sourcecode.swift; path = HomeView.swift; sourceTree = "<group>"; };
		F57453302DDE0DD40047E989 /* RootView.swift */ = {isa = PBXFileReference; lastKnownFileType = sourcecode.swift; path = RootView.swift; sourceTree = "<group>"; };
		F57453322DDE0DD40047E989 /* SplashView.swift */ = {isa = PBXFileReference; lastKnownFileType = sourcecode.swift; path = SplashView.swift; sourceTree = "<group>"; };
		F574533B2DDE0DD40047E989 /* Poppins-Bold.ttf */ = {isa = PBXFileReference; lastKnownFileType = file; path = "Poppins-Bold.ttf"; sourceTree = "<group>"; };
		F574533C2DDE0DD40047E989 /* Poppins-ExtraBold.ttf */ = {isa = PBXFileReference; lastKnownFileType = file; path = "Poppins-ExtraBold.ttf"; sourceTree = "<group>"; };
		F574533D2DDE0DD40047E989 /* Poppins-Italic.ttf */ = {isa = PBXFileReference; lastKnownFileType = file; path = "Poppins-Italic.ttf"; sourceTree = "<group>"; };
		F574533E2DDE0DD40047E989 /* Poppins-Light.ttf */ = {isa = PBXFileReference; lastKnownFileType = file; path = "Poppins-Light.ttf"; sourceTree = "<group>"; };
		F574533F2DDE0DD40047E989 /* Poppins-Medium.ttf */ = {isa = PBXFileReference; lastKnownFileType = file; path = "Poppins-Medium.ttf"; sourceTree = "<group>"; };
		F57453402DDE0DD40047E989 /* Poppins-Regular.ttf */ = {isa = PBXFileReference; lastKnownFileType = file; path = "Poppins-Regular.ttf"; sourceTree = "<group>"; };
		F57453412DDE0DD40047E989 /* Poppins-SemiBold.ttf */ = {isa = PBXFileReference; lastKnownFileType = file; path = "Poppins-SemiBold.ttf"; sourceTree = "<group>"; };
		F57453422DDE0DD40047E989 /* Poppins-Thin.ttf */ = {isa = PBXFileReference; lastKnownFileType = file; path = "Poppins-Thin.ttf"; sourceTree = "<group>"; };
		F57453442DDE0DD40047E989 /* splashLoading.json */ = {isa = PBXFileReference; lastKnownFileType = text.json; path = splashLoading.json; sourceTree = "<group>"; };
		F57453462DDE0DD40047E989 /* Assets.xcassets */ = {isa = PBXFileReference; lastKnownFileType = folder.assetcatalog; path = Assets.xcassets; sourceTree = "<group>"; };
		F57453482DDE0DD40047E989 /* AppIcons.swift */ = {isa = PBXFileReference; lastKnownFileType = sourcecode.swift; path = AppIcons.swift; sourceTree = "<group>"; };
		F57453492DDE0DD40047E989 /* AppImages.swift */ = {isa = PBXFileReference; lastKnownFileType = sourcecode.swift; path = AppImages.swift; sourceTree = "<group>"; };
		F574534B2DDE0DD40047E989 /* Font+Ext.swift */ = {isa = PBXFileReference; lastKnownFileType = sourcecode.swift; path = "Font+Ext.swift"; sourceTree = "<group>"; };
		F574534E2DDE0DD40047E989 /* ContentView.swift */ = {isa = PBXFileReference; lastKnownFileType = sourcecode.swift; path = ContentView.swift; sourceTree = "<group>"; };
		F574534F2DDE0DD40047E989 /* Info.plist */ = {isa = PBXFileReference; lastKnownFileType = text.plist.xml; path = Info.plist; sourceTree = "<group>"; };
		F5BFF5382DDE20F200AEF27D /* DTabView.swift */ = {isa = PBXFileReference; lastKnownFileType = sourcecode.swift; path = DTabView.swift; sourceTree = "<group>"; };
		F5BFF53A2DDE211200AEF27D /* DTabModel.swift */ = {isa = PBXFileReference; lastKnownFileType = sourcecode.swift; path = DTabModel.swift; sourceTree = "<group>"; };
		F5BFF54D2DDE50D700AEF27D /* City.swift */ = {isa = PBXFileReference; lastKnownFileType = sourcecode.swift; path = City.swift; sourceTree = "<group>"; };
		F5BFF66D2DDE5AAE00AEF27D /* DeveloperPreview.swift */ = {isa = PBXFileReference; lastKnownFileType = sourcecode.swift; path = DeveloperPreview.swift; sourceTree = "<group>"; };
		F5F2D8142DDF257C008074F5 /* Router.swift */ = {isa = PBXFileReference; lastKnownFileType = sourcecode.swift; path = Router.swift; sourceTree = "<group>"; };
		F5F2D8162DDF260C008074F5 /* CityDetailView.swift */ = {isa = PBXFileReference; lastKnownFileType = sourcecode.swift; path = CityDetailView.swift; sourceTree = "<group>"; };
		F5F2D8182DDF5F47008074F5 /* DLabeledIconView.swift */ = {isa = PBXFileReference; lastKnownFileType = sourcecode.swift; path = DLabeledIconView.swift; sourceTree = "<group>"; };
		F5F2D81C2DDF5FAB008074F5 /* DSafariView.swift */ = {isa = PBXFileReference; lastKnownFileType = sourcecode.swift; path = DSafariView.swift; sourceTree = "<group>"; };
		F5F2D81E2DDF6AC9008074F5 /* DCategoryCardView.swift */ = {isa = PBXFileReference; lastKnownFileType = sourcecode.swift; path = DCategoryCardView.swift; sourceTree = "<group>"; };
		F5F337AB2DE0F32C00D8345F /* Location.swift */ = {isa = PBXFileReference; lastKnownFileType = sourcecode.swift; path = Location.swift; sourceTree = "<group>"; };
		F5F337AD2DE0F35500D8345F /* Food.swift */ = {isa = PBXFileReference; lastKnownFileType = sourcecode.swift; path = Food.swift; sourceTree = "<group>"; };
		F5F337AF2DE0F37100D8345F /* Memory.swift */ = {isa = PBXFileReference; lastKnownFileType = sourcecode.swift; path = Memory.swift; sourceTree = "<group>"; };
		F5F338472DE109A600D8345F /* View+Ext.swift */ = {isa = PBXFileReference; lastKnownFileType = sourcecode.swift; path = "View+Ext.swift"; sourceTree = "<group>"; };
		F5F3384C2DE10E2C00D8345F /* String+Ext.swift */ = {isa = PBXFileReference; lastKnownFileType = sourcecode.swift; path = "String+Ext.swift"; sourceTree = "<group>"; };
		F5F338552DE1174800D8345F /* LocationMapView.swift */ = {isa = PBXFileReference; lastKnownFileType = sourcecode.swift; path = LocationMapView.swift; sourceTree = "<group>"; };
/* End PBXFileReference section */

/* Begin PBXFileSystemSynchronizedRootGroup section */
		F57453662DDE0DF00047E989 /* Comman */ = {
			isa = PBXFileSystemSynchronizedRootGroup;
			path = Comman;
			sourceTree = "<group>";
		};
		F5BFF53C2DDE2D6700AEF27D /* ViewModel */ = {
			isa = PBXFileSystemSynchronizedRootGroup;
			path = ViewModel;
			sourceTree = "<group>";
		};
		F5BFF54F2DDE510900AEF27D /* Network */ = {
			isa = PBXFileSystemSynchronizedRootGroup;
			path = Network;
			sourceTree = "<group>";
		};
		F5BFF66A2DDE59AD00AEF27D /* Components */ = {
			isa = PBXFileSystemSynchronizedRootGroup;
			path = Components;
			sourceTree = "<group>";
		};
		F5F2D8202DDF83CC008074F5 /* Model */ = {
			isa = PBXFileSystemSynchronizedRootGroup;
			path = Model;
			sourceTree = "<group>";
		};
		F5F337B42DE104BF00D8345F /* View */ = {
			isa = PBXFileSystemSynchronizedRootGroup;
			path = View;
			sourceTree = "<group>";
		};
		F5F337B52DE104C100D8345F /* ViewModel */ = {
			isa = PBXFileSystemSynchronizedRootGroup;
			path = ViewModel;
			sourceTree = "<group>";
		};
		F5F3385B2DE11CAD00D8345F /* Map */ = {
			isa = PBXFileSystemSynchronizedRootGroup;
			path = Map;
			sourceTree = "<group>";
		};
/* End PBXFileSystemSynchronizedRootGroup section */

/* Begin PBXFrameworksBuildPhase section */
		F553F6982DDE06B400E06FEA /* Frameworks */ = {
			isa = PBXFrameworksBuildPhase;
			buildActionMask = 2147483647;
			files = (
				F57453262DDE0DB90047E989 /* SDWebImageSwiftUI in Frameworks */,
				F57453212DDE0D7D0047E989 /* Lottie in Frameworks */,
			);
			runOnlyForDeploymentPostprocessing = 0;
		};
/* End PBXFrameworksBuildPhase section */

/* Begin PBXGroup section */
		F553F6922DDE06B400E06FEA = {
			isa = PBXGroup;
			children = (
				F57453502DDE0DD40047E989 /* Disvigo */,
				F553F69C2DDE06B400E06FEA /* Products */,
			);
			sourceTree = "<group>";
		};
		F553F69C2DDE06B400E06FEA /* Products */ = {
			isa = PBXGroup;
			children = (
				F553F69B2DDE06B400E06FEA /* Disvigo.app */,
			);
			name = Products;
			sourceTree = "<group>";
		};
		F57453292DDE0DD40047E989 /* App */ = {
			isa = PBXGroup;
			children = (
				F57453272DDE0DD40047E989 /* DisvigoApp.swift */,
				F57453282DDE0DD40047E989 /* Launch Screen.storyboard */,
				F5BFF66D2DDE5AAE00AEF27D /* DeveloperPreview.swift */,
			);
			path = App;
			sourceTree = "<group>";
		};
		F574532B2DDE0DD40047E989 /* View */ = {
			isa = PBXGroup;
			children = (
				F574532A2DDE0DD40047E989 /* FavoriteView.swift */,
			);
			path = View;
			sourceTree = "<group>";
		};
		F574532C2DDE0DD40047E989 /* Favorite */ = {
			isa = PBXGroup;
			children = (
				F574532B2DDE0DD40047E989 /* View */,
			);
			path = Favorite;
			sourceTree = "<group>";
		};
		F574532E2DDE0DD40047E989 /* View */ = {
			isa = PBXGroup;
			children = (
				F574532D2DDE0DD40047E989 /* HomeView.swift */,
			);
			path = View;
			sourceTree = "<group>";
		};
		F574532F2DDE0DD40047E989 /* Home */ = {
			isa = PBXGroup;
			children = (
				F5BFF66A2DDE59AD00AEF27D /* Components */,
				F5BFF53C2DDE2D6700AEF27D /* ViewModel */,
				F574532E2DDE0DD40047E989 /* View */,
			);
			path = Home;
			sourceTree = "<group>";
		};
		F57453312DDE0DD40047E989 /* Root */ = {
			isa = PBXGroup;
			children = (
				F57453302DDE0DD40047E989 /* RootView.swift */,
				F5F2D8142DDF257C008074F5 /* Router.swift */,
			);
			path = Root;
			sourceTree = "<group>";
		};
		F57453332DDE0DD40047E989 /* View */ = {
			isa = PBXGroup;
			children = (
				F57453322DDE0DD40047E989 /* SplashView.swift */,
			);
			path = View;
			sourceTree = "<group>";
		};
		F57453342DDE0DD40047E989 /* Splash */ = {
			isa = PBXGroup;
			children = (
				F57453332DDE0DD40047E989 /* View */,
			);
			path = Splash;
			sourceTree = "<group>";
		};
		F57453352DDE0DD40047E989 /* View */ = {
			isa = PBXGroup;
			children = (
				F5BFF5382DDE20F200AEF27D /* DTabView.swift */,
			);
			path = View;
			sourceTree = "<group>";
		};
		F57453362DDE0DD40047E989 /* ViewModel */ = {
			isa = PBXGroup;
			children = (
			);
			path = ViewModel;
			sourceTree = "<group>";
		};
		F57453372DDE0DD40047E989 /* Tab */ = {
			isa = PBXGroup;
			children = (
				F57453352DDE0DD40047E989 /* View */,
				F57453362DDE0DD40047E989 /* ViewModel */,
			);
			path = Tab;
			sourceTree = "<group>";
		};
		F57453382DDE0DD40047E989 /* Core */ = {
			isa = PBXGroup;
			children = (
				F57453312DDE0DD40047E989 /* Root */,
				F57453342DDE0DD40047E989 /* Splash */,
				F57453372DDE0DD40047E989 /* Tab */,
				F574532F2DDE0DD40047E989 /* Home */,
				F5BFF70F2DDE6D8700AEF27D /* City */,
				F574532C2DDE0DD40047E989 /* Favorite */,
				F5F337B22DE1049D00D8345F /* Location */,
				F5F337BC2DE104E900D8345F /* LocationMap */,
			);
			path = Core;
			sourceTree = "<group>";
		};
		F57453392DDE0DD40047E989 /* Manager */ = {
			isa = PBXGroup;
			children = (
				F5F3385B2DE11CAD00D8345F /* Map */,
				F5BFF54F2DDE510900AEF27D /* Network */,
			);
			path = Manager;
			sourceTree = "<group>";
		};
		F574533A2DDE0DD40047E989 /* Models */ = {
			isa = PBXGroup;
			children = (
				F5BFF53A2DDE211200AEF27D /* DTabModel.swift */,
				F5BFF54D2DDE50D700AEF27D /* City.swift */,
				F5F337AB2DE0F32C00D8345F /* Location.swift */,
				F5F337AD2DE0F35500D8345F /* Food.swift */,
				F5F337AF2DE0F37100D8345F /* Memory.swift */,
			);
			path = Models;
			sourceTree = "<group>";
		};
		F57453432DDE0DD40047E989 /* Fonts */ = {
			isa = PBXGroup;
			children = (
				F574533B2DDE0DD40047E989 /* Poppins-Bold.ttf */,
				F574533C2DDE0DD40047E989 /* Poppins-ExtraBold.ttf */,
				F574533D2DDE0DD40047E989 /* Poppins-Italic.ttf */,
				F574533E2DDE0DD40047E989 /* Poppins-Light.ttf */,
				F574533F2DDE0DD40047E989 /* Poppins-Medium.ttf */,
				F57453402DDE0DD40047E989 /* Poppins-Regular.ttf */,
				F57453412DDE0DD40047E989 /* Poppins-SemiBold.ttf */,
				F57453422DDE0DD40047E989 /* Poppins-Thin.ttf */,
			);
			path = Fonts;
			sourceTree = "<group>";
		};
		F57453452DDE0DD40047E989 /* Lottie */ = {
			isa = PBXGroup;
			children = (
				F57453442DDE0DD40047E989 /* splashLoading.json */,
			);
			path = Lottie;
			sourceTree = "<group>";
		};
		F57453472DDE0DD40047E989 /* Resources */ = {
			isa = PBXGroup;
			children = (
				F57453432DDE0DD40047E989 /* Fonts */,
				F57453452DDE0DD40047E989 /* Lottie */,
			);
			path = Resources;
			sourceTree = "<group>";
		};
		F574534A2DDE0DD40047E989 /* Constants */ = {
			isa = PBXGroup;
			children = (
				F57453482DDE0DD40047E989 /* AppIcons.swift */,
				F57453492DDE0DD40047E989 /* AppImages.swift */,
			);
			path = Constants;
			sourceTree = "<group>";
		};
		F574534C2DDE0DD40047E989 /* Extensions */ = {
			isa = PBXGroup;
			children = (
				F574534B2DDE0DD40047E989 /* Font+Ext.swift */,
				F5F338472DE109A600D8345F /* View+Ext.swift */,
				F5F3384C2DE10E2C00D8345F /* String+Ext.swift */,
			);
			path = Extensions;
			sourceTree = "<group>";
		};
		F574534D2DDE0DD40047E989 /* Utilities */ = {
			isa = PBXGroup;
			children = (
				F57453662DDE0DF00047E989 /* Comman */,
				F574534A2DDE0DD40047E989 /* Constants */,
				F574534C2DDE0DD40047E989 /* Extensions */,
			);
			path = Utilities;
			sourceTree = "<group>";
		};
		F57453502DDE0DD40047E989 /* Disvigo */ = {
			isa = PBXGroup;
			children = (
				F57453292DDE0DD40047E989 /* App */,
				F57453382DDE0DD40047E989 /* Core */,
				F57453392DDE0DD40047E989 /* Manager */,
				F574533A2DDE0DD40047E989 /* Models */,
				F57453472DDE0DD40047E989 /* Resources */,
				F574534D2DDE0DD40047E989 /* Utilities */,
				F574534E2DDE0DD40047E989 /* ContentView.swift */,
				F574534F2DDE0DD40047E989 /* Info.plist */,
				F57453462DDE0DD40047E989 /* Assets.xcassets */,
			);
			path = Disvigo;
			sourceTree = "<group>";
		};
		F5BFF70B2DDE6D8700AEF27D /* Components */ = {
			isa = PBXGroup;
			children = (
				F5F2D8182DDF5F47008074F5 /* DLabeledIconView.swift */,
				F5F2D81C2DDF5FAB008074F5 /* DSafariView.swift */,
				F5F2D81E2DDF6AC9008074F5 /* DCategoryCardView.swift */,
			);
			path = Components;
			sourceTree = "<group>";
		};
		F5BFF70D2DDE6D8700AEF27D /* View */ = {
			isa = PBXGroup;
			children = (
				F5F2D8162DDF260C008074F5 /* CityDetailView.swift */,
			);
			path = View;
			sourceTree = "<group>";
		};
		F5BFF70E2DDE6D8700AEF27D /* ViewModel */ = {
			isa = PBXGroup;
			children = (
			);
			path = ViewModel;
			sourceTree = "<group>";
		};
		F5BFF70F2DDE6D8700AEF27D /* City */ = {
			isa = PBXGroup;
			children = (
				F5F2D8202DDF83CC008074F5 /* Model */,
				F5BFF70B2DDE6D8700AEF27D /* Components */,
				F5BFF70D2DDE6D8700AEF27D /* View */,
				F5BFF70E2DDE6D8700AEF27D /* ViewModel */,
			);
			path = City;
			sourceTree = "<group>";
		};
		F5F337B22DE1049D00D8345F /* Location */ = {
			isa = PBXGroup;
			children = (
				F5F337B52DE104C100D8345F /* ViewModel */,
				F5F337B42DE104BF00D8345F /* View */,
			);
			path = Location;
			sourceTree = "<group>";
		};
		F5F337BA2DE104E900D8345F /* View */ = {
			isa = PBXGroup;
			children = (
				F5F338552DE1174800D8345F /* LocationMapView.swift */,
			);
			path = View;
			sourceTree = "<group>";
		};
		F5F337BB2DE104E900D8345F /* ViewModel */ = {
			isa = PBXGroup;
			children = (
			);
			path = ViewModel;
			sourceTree = "<group>";
		};
		F5F337BC2DE104E900D8345F /* LocationMap */ = {
			isa = PBXGroup;
			children = (
				F5F337BA2DE104E900D8345F /* View */,
				F5F337BB2DE104E900D8345F /* ViewModel */,
			);
			path = LocationMap;
			sourceTree = "<group>";
		};
/* End PBXGroup section */

/* Begin PBXNativeTarget section */
		F553F69A2DDE06B400E06FEA /* Disvigo */ = {
			isa = PBXNativeTarget;
			buildConfigurationList = F553F6A62DDE06B600E06FEA /* Build configuration list for PBXNativeTarget "Disvigo" */;
			buildPhases = (
				F553F6972DDE06B400E06FEA /* Sources */,
				F553F6982DDE06B400E06FEA /* Frameworks */,
				F553F6992DDE06B400E06FEA /* Resources */,
				F5C62B632DDE112C0004CE2C /* Embed Frameworks */,
			);
			buildRules = (
			);
			dependencies = (
			);
			fileSystemSynchronizedGroups = (
				F57453662DDE0DF00047E989 /* Comman */,
				F5BFF53C2DDE2D6700AEF27D /* ViewModel */,
				F5BFF54F2DDE510900AEF27D /* Network */,
				F5BFF66A2DDE59AD00AEF27D /* Components */,
				F5F2D8202DDF83CC008074F5 /* Model */,
				F5F337B42DE104BF00D8345F /* View */,
				F5F337B52DE104C100D8345F /* ViewModel */,
				F5F3385B2DE11CAD00D8345F /* Map */,
			);
			name = Disvigo;
			packageProductDependencies = (
				F57453202DDE0D7D0047E989 /* Lottie */,
				F57453252DDE0DB90047E989 /* SDWebImageSwiftUI */,
			);
			productName = Disvigo;
			productReference = F553F69B2DDE06B400E06FEA /* Disvigo.app */;
			productType = "com.apple.product-type.application";
		};
/* End PBXNativeTarget section */

/* Begin PBXProject section */
		F553F6932DDE06B400E06FEA /* Project object */ = {
			isa = PBXProject;
			attributes = {
				BuildIndependentTargetsInParallel = 1;
				LastSwiftUpdateCheck = 1630;
				LastUpgradeCheck = 1630;
				TargetAttributes = {
					F553F69A2DDE06B400E06FEA = {
						CreatedOnToolsVersion = 16.3;
					};
				};
			};
			buildConfigurationList = F553F6962DDE06B400E06FEA /* Build configuration list for PBXProject "Disvigo" */;
			developmentRegion = en;
			hasScannedForEncodings = 0;
			knownRegions = (
				en,
				Base,
			);
			mainGroup = F553F6922DDE06B400E06FEA;
			minimizedProjectReferenceProxies = 1;
			packageReferences = (
				F574531F2DDE0D7D0047E989 /* XCRemoteSwiftPackageReference "lottie-ios" */,
				F57453242DDE0DB90047E989 /* XCRemoteSwiftPackageReference "SDWebImageSwiftUI" */,
			);
			preferredProjectObjectVersion = 77;
			productRefGroup = F553F69C2DDE06B400E06FEA /* Products */;
			projectDirPath = "";
			projectRoot = "";
			targets = (
				F553F69A2DDE06B400E06FEA /* Disvigo */,
			);
		};
/* End PBXProject section */

/* Begin PBXResourcesBuildPhase section */
		F553F6992DDE06B400E06FEA /* Resources */ = {
			isa = PBXResourcesBuildPhase;
			buildActionMask = 2147483647;
			files = (
				F574535A2DDE0DD40047E989 /* Launch Screen.storyboard in Resources */,
				F574535B2DDE0DD40047E989 /* Poppins-Bold.ttf in Resources */,
				F574535C2DDE0DD40047E989 /* Poppins-ExtraBold.ttf in Resources */,
				F574535D2DDE0DD40047E989 /* Poppins-Italic.ttf in Resources */,
				F574535E2DDE0DD40047E989 /* Poppins-Light.ttf in Resources */,
				F574535F2DDE0DD40047E989 /* Poppins-Medium.ttf in Resources */,
				F57453602DDE0DD40047E989 /* Poppins-Regular.ttf in Resources */,
				F57453612DDE0DD40047E989 /* Poppins-SemiBold.ttf in Resources */,
				F57453622DDE0DD40047E989 /* Poppins-Thin.ttf in Resources */,
				F57453632DDE0DD40047E989 /* splashLoading.json in Resources */,
				F57453642DDE0DD40047E989 /* Assets.xcassets in Resources */,
			);
			runOnlyForDeploymentPostprocessing = 0;
		};
/* End PBXResourcesBuildPhase section */

/* Begin PBXSourcesBuildPhase section */
		F553F6972DDE06B400E06FEA /* Sources */ = {
			isa = PBXSourcesBuildPhase;
			buildActionMask = 2147483647;
			files = (
				F57453512DDE0DD40047E989 /* DisvigoApp.swift in Sources */,
				F57453522DDE0DD40047E989 /* FavoriteView.swift in Sources */,
				F5F338562DE1174800D8345F /* LocationMapView.swift in Sources */,
				F57453532DDE0DD40047E989 /* HomeView.swift in Sources */,
				F5F337AC2DE0F32C00D8345F /* Location.swift in Sources */,
				F5F3384D2DE10E2C00D8345F /* String+Ext.swift in Sources */,
				F57453542DDE0DD40047E989 /* RootView.swift in Sources */,
				F5F2D8192DDF5F47008074F5 /* DLabeledIconView.swift in Sources */,
				F57453552DDE0DD40047E989 /* SplashView.swift in Sources */,
				F57453562DDE0DD40047E989 /* AppIcons.swift in Sources */,
				F5F2D81D2DDF5FAB008074F5 /* DSafariView.swift in Sources */,
				F57453572DDE0DD40047E989 /* AppImages.swift in Sources */,
				F57453582DDE0DD40047E989 /* Font+Ext.swift in Sources */,
				F5F337AE2DE0F35500D8345F /* Food.swift in Sources */,
				F5BFF54E2DDE50D700AEF27D /* City.swift in Sources */,
				F5F2D81F2DDF6AC9008074F5 /* DCategoryCardView.swift in Sources */,
				F5F337B02DE0F37100D8345F /* Memory.swift in Sources */,
				F57453592DDE0DD40047E989 /* ContentView.swift in Sources */,
				F5F2D8152DDF257C008074F5 /* Router.swift in Sources */,
				F5F2D8172DDF260C008074F5 /* CityDetailView.swift in Sources */,
				F5BFF53B2DDE211200AEF27D /* DTabModel.swift in Sources */,
				F5F338482DE109A600D8345F /* View+Ext.swift in Sources */,
				F5BFF5392DDE20F200AEF27D /* DTabView.swift in Sources */,
				F5BFF66E2DDE5AAE00AEF27D /* DeveloperPreview.swift in Sources */,
			);
			runOnlyForDeploymentPostprocessing = 0;
		};
/* End PBXSourcesBuildPhase section */

/* Begin XCBuildConfiguration section */
		F553F6A42DDE06B600E06FEA /* Debug */ = {
			isa = XCBuildConfiguration;
			buildSettings = {
				ALWAYS_SEARCH_USER_PATHS = NO;
				ASSETCATALOG_COMPILER_GENERATE_SWIFT_ASSET_SYMBOL_EXTENSIONS = YES;
				CLANG_ANALYZER_NONNULL = YES;
				CLANG_ANALYZER_NUMBER_OBJECT_CONVERSION = YES_AGGRESSIVE;
				CLANG_CXX_LANGUAGE_STANDARD = "gnu++20";
				CLANG_ENABLE_MODULES = YES;
				CLANG_ENABLE_OBJC_ARC = YES;
				CLANG_ENABLE_OBJC_WEAK = YES;
				CLANG_WARN_BLOCK_CAPTURE_AUTORELEASING = YES;
				CLANG_WARN_BOOL_CONVERSION = YES;
				CLANG_WARN_COMMA = YES;
				CLANG_WARN_CONSTANT_CONVERSION = YES;
				CLANG_WARN_DEPRECATED_OBJC_IMPLEMENTATIONS = YES;
				CLANG_WARN_DIRECT_OBJC_ISA_USAGE = YES_ERROR;
				CLANG_WARN_DOCUMENTATION_COMMENTS = YES;
				CLANG_WARN_EMPTY_BODY = YES;
				CLANG_WARN_ENUM_CONVERSION = YES;
				CLANG_WARN_INFINITE_RECURSION = YES;
				CLANG_WARN_INT_CONVERSION = YES;
				CLANG_WARN_NON_LITERAL_NULL_CONVERSION = YES;
				CLANG_WARN_OBJC_IMPLICIT_RETAIN_SELF = YES;
				CLANG_WARN_OBJC_LITERAL_CONVERSION = YES;
				CLANG_WARN_OBJC_ROOT_CLASS = YES_ERROR;
				CLANG_WARN_QUOTED_INCLUDE_IN_FRAMEWORK_HEADER = YES;
				CLANG_WARN_RANGE_LOOP_ANALYSIS = YES;
				CLANG_WARN_STRICT_PROTOTYPES = YES;
				CLANG_WARN_SUSPICIOUS_MOVE = YES;
				CLANG_WARN_UNGUARDED_AVAILABILITY = YES_AGGRESSIVE;
				CLANG_WARN_UNREACHABLE_CODE = YES;
				CLANG_WARN__DUPLICATE_METHOD_MATCH = YES;
				COPY_PHASE_STRIP = NO;
				DEBUG_INFORMATION_FORMAT = dwarf;
				DEVELOPMENT_TEAM = T89868475G;
				ENABLE_STRICT_OBJC_MSGSEND = YES;
				ENABLE_TESTABILITY = YES;
				ENABLE_USER_SCRIPT_SANDBOXING = YES;
				GCC_C_LANGUAGE_STANDARD = gnu17;
				GCC_DYNAMIC_NO_PIC = NO;
				GCC_NO_COMMON_BLOCKS = YES;
				GCC_OPTIMIZATION_LEVEL = 0;
				GCC_PREPROCESSOR_DEFINITIONS = (
					"DEBUG=1",
					"$(inherited)",
				);
				GCC_WARN_64_TO_32_BIT_CONVERSION = YES;
				GCC_WARN_ABOUT_RETURN_TYPE = YES_ERROR;
				GCC_WARN_UNDECLARED_SELECTOR = YES;
				GCC_WARN_UNINITIALIZED_AUTOS = YES_AGGRESSIVE;
				GCC_WARN_UNUSED_FUNCTION = YES;
				GCC_WARN_UNUSED_VARIABLE = YES;
				IPHONEOS_DEPLOYMENT_TARGET = 18.4;
				LOCALIZATION_PREFERS_STRING_CATALOGS = YES;
				MTL_ENABLE_DEBUG_INFO = INCLUDE_SOURCE;
				MTL_FAST_MATH = YES;
				ONLY_ACTIVE_ARCH = YES;
				SDKROOT = iphoneos;
				SWIFT_ACTIVE_COMPILATION_CONDITIONS = "DEBUG $(inherited)";
				SWIFT_OPTIMIZATION_LEVEL = "-Onone";
			};
			name = Debug;
		};
		F553F6A52DDE06B600E06FEA /* Release */ = {
			isa = XCBuildConfiguration;
			buildSettings = {
				ALWAYS_SEARCH_USER_PATHS = NO;
				ASSETCATALOG_COMPILER_GENERATE_SWIFT_ASSET_SYMBOL_EXTENSIONS = YES;
				CLANG_ANALYZER_NONNULL = YES;
				CLANG_ANALYZER_NUMBER_OBJECT_CONVERSION = YES_AGGRESSIVE;
				CLANG_CXX_LANGUAGE_STANDARD = "gnu++20";
				CLANG_ENABLE_MODULES = YES;
				CLANG_ENABLE_OBJC_ARC = YES;
				CLANG_ENABLE_OBJC_WEAK = YES;
				CLANG_WARN_BLOCK_CAPTURE_AUTORELEASING = YES;
				CLANG_WARN_BOOL_CONVERSION = YES;
				CLANG_WARN_COMMA = YES;
				CLANG_WARN_CONSTANT_CONVERSION = YES;
				CLANG_WARN_DEPRECATED_OBJC_IMPLEMENTATIONS = YES;
				CLANG_WARN_DIRECT_OBJC_ISA_USAGE = YES_ERROR;
				CLANG_WARN_DOCUMENTATION_COMMENTS = YES;
				CLANG_WARN_EMPTY_BODY = YES;
				CLANG_WARN_ENUM_CONVERSION = YES;
				CLANG_WARN_INFINITE_RECURSION = YES;
				CLANG_WARN_INT_CONVERSION = YES;
				CLANG_WARN_NON_LITERAL_NULL_CONVERSION = YES;
				CLANG_WARN_OBJC_IMPLICIT_RETAIN_SELF = YES;
				CLANG_WARN_OBJC_LITERAL_CONVERSION = YES;
				CLANG_WARN_OBJC_ROOT_CLASS = YES_ERROR;
				CLANG_WARN_QUOTED_INCLUDE_IN_FRAMEWORK_HEADER = YES;
				CLANG_WARN_RANGE_LOOP_ANALYSIS = YES;
				CLANG_WARN_STRICT_PROTOTYPES = YES;
				CLANG_WARN_SUSPICIOUS_MOVE = YES;
				CLANG_WARN_UNGUARDED_AVAILABILITY = YES_AGGRESSIVE;
				CLANG_WARN_UNREACHABLE_CODE = YES;
				CLANG_WARN__DUPLICATE_METHOD_MATCH = YES;
				COPY_PHASE_STRIP = NO;
				DEBUG_INFORMATION_FORMAT = "dwarf-with-dsym";
				DEVELOPMENT_TEAM = T89868475G;
				ENABLE_NS_ASSERTIONS = NO;
				ENABLE_STRICT_OBJC_MSGSEND = YES;
				ENABLE_USER_SCRIPT_SANDBOXING = YES;
				GCC_C_LANGUAGE_STANDARD = gnu17;
				GCC_NO_COMMON_BLOCKS = YES;
				GCC_WARN_64_TO_32_BIT_CONVERSION = YES;
				GCC_WARN_ABOUT_RETURN_TYPE = YES_ERROR;
				GCC_WARN_UNDECLARED_SELECTOR = YES;
				GCC_WARN_UNINITIALIZED_AUTOS = YES_AGGRESSIVE;
				GCC_WARN_UNUSED_FUNCTION = YES;
				GCC_WARN_UNUSED_VARIABLE = YES;
				IPHONEOS_DEPLOYMENT_TARGET = 18.4;
				LOCALIZATION_PREFERS_STRING_CATALOGS = YES;
				MTL_ENABLE_DEBUG_INFO = NO;
				MTL_FAST_MATH = YES;
				SDKROOT = iphoneos;
				SWIFT_COMPILATION_MODE = wholemodule;
				VALIDATE_PRODUCT = YES;
			};
			name = Release;
		};
		F553F6A72DDE06B600E06FEA /* Debug */ = {
			isa = XCBuildConfiguration;
			buildSettings = {
				ASSETCATALOG_COMPILER_APPICON_NAME = AppIcon;
				ASSETCATALOG_COMPILER_GLOBAL_ACCENT_COLOR_NAME = AccentColor;
				CODE_SIGN_STYLE = Automatic;
				CURRENT_PROJECT_VERSION = 1;
				DEVELOPMENT_TEAM = T89868475G;
				ENABLE_PREVIEWS = YES;
				GENERATE_INFOPLIST_FILE = YES;
				INFOPLIST_FILE = Disvigo/Info.plist;
				INFOPLIST_KEY_CFBundleDisplayName = Disvigo;
				INFOPLIST_KEY_LSApplicationCategoryType = "public.app-category.travel";
				INFOPLIST_KEY_UIApplicationSceneManifest_Generation = YES;
				INFOPLIST_KEY_UIApplicationSupportsIndirectInputEvents = YES;
				INFOPLIST_KEY_UILaunchScreen_Generation = YES;
				INFOPLIST_KEY_UILaunchStoryboardName = "Launch Screen.storyboard";
				INFOPLIST_KEY_UISupportedInterfaceOrientations_iPad = "UIInterfaceOrientationPortrait UIInterfaceOrientationPortraitUpsideDown UIInterfaceOrientationLandscapeLeft UIInterfaceOrientationLandscapeRight";
				INFOPLIST_KEY_UISupportedInterfaceOrientations_iPhone = "UIInterfaceOrientationPortrait UIInterfaceOrientationLandscapeLeft UIInterfaceOrientationLandscapeRight";
				LD_RUNPATH_SEARCH_PATHS = (
					"$(inherited)",
					"@executable_path/Frameworks",
				);
				MARKETING_VERSION = 1.0;
				PRODUCT_BUNDLE_IDENTIFIER = com.abdullaharslan.Disvigo;
				PRODUCT_NAME = "$(TARGET_NAME)";
				SWIFT_EMIT_LOC_STRINGS = YES;
				SWIFT_VERSION = 5.0;
				TARGETED_DEVICE_FAMILY = "1,2";
			};
			name = Debug;
		};
		F553F6A82DDE06B600E06FEA /* Release */ = {
			isa = XCBuildConfiguration;
			buildSettings = {
				ASSETCATALOG_COMPILER_APPICON_NAME = AppIcon;
				ASSETCATALOG_COMPILER_GLOBAL_ACCENT_COLOR_NAME = AccentColor;
				CODE_SIGN_STYLE = Automatic;
				CURRENT_PROJECT_VERSION = 1;
				DEVELOPMENT_TEAM = T89868475G;
				ENABLE_PREVIEWS = YES;
				GENERATE_INFOPLIST_FILE = YES;
				INFOPLIST_FILE = Disvigo/Info.plist;
				INFOPLIST_KEY_CFBundleDisplayName = Disvigo;
				INFOPLIST_KEY_LSApplicationCategoryType = "public.app-category.travel";
				INFOPLIST_KEY_UIApplicationSceneManifest_Generation = YES;
				INFOPLIST_KEY_UIApplicationSupportsIndirectInputEvents = YES;
				INFOPLIST_KEY_UILaunchScreen_Generation = YES;
				INFOPLIST_KEY_UILaunchStoryboardName = "Launch Screen.storyboard";
				INFOPLIST_KEY_UISupportedInterfaceOrientations_iPad = "UIInterfaceOrientationPortrait UIInterfaceOrientationPortraitUpsideDown UIInterfaceOrientationLandscapeLeft UIInterfaceOrientationLandscapeRight";
				INFOPLIST_KEY_UISupportedInterfaceOrientations_iPhone = "UIInterfaceOrientationPortrait UIInterfaceOrientationLandscapeLeft UIInterfaceOrientationLandscapeRight";
				LD_RUNPATH_SEARCH_PATHS = (
					"$(inherited)",
					"@executable_path/Frameworks",
				);
				MARKETING_VERSION = 1.0;
				PRODUCT_BUNDLE_IDENTIFIER = com.abdullaharslan.Disvigo;
				PRODUCT_NAME = "$(TARGET_NAME)";
				SWIFT_EMIT_LOC_STRINGS = YES;
				SWIFT_VERSION = 5.0;
				TARGETED_DEVICE_FAMILY = "1,2";
			};
			name = Release;
		};
/* End XCBuildConfiguration section */

/* Begin XCConfigurationList section */
		F553F6962DDE06B400E06FEA /* Build configuration list for PBXProject "Disvigo" */ = {
			isa = XCConfigurationList;
			buildConfigurations = (
				F553F6A42DDE06B600E06FEA /* Debug */,
				F553F6A52DDE06B600E06FEA /* Release */,
			);
			defaultConfigurationIsVisible = 0;
			defaultConfigurationName = Release;
		};
		F553F6A62DDE06B600E06FEA /* Build configuration list for PBXNativeTarget "Disvigo" */ = {
			isa = XCConfigurationList;
			buildConfigurations = (
				F553F6A72DDE06B600E06FEA /* Debug */,
				F553F6A82DDE06B600E06FEA /* Release */,
			);
			defaultConfigurationIsVisible = 0;
			defaultConfigurationName = Release;
		};
/* End XCConfigurationList section */

/* Begin XCRemoteSwiftPackageReference section */
		F574531F2DDE0D7D0047E989 /* XCRemoteSwiftPackageReference "lottie-ios" */ = {
			isa = XCRemoteSwiftPackageReference;
			repositoryURL = "https://github.com/airbnb/lottie-ios";
			requirement = {
				kind = upToNextMajorVersion;
				minimumVersion = 4.5.1;
			};
		};
		F57453242DDE0DB90047E989 /* XCRemoteSwiftPackageReference "SDWebImageSwiftUI" */ = {
			isa = XCRemoteSwiftPackageReference;
			repositoryURL = "https://github.com/SDWebImage/SDWebImageSwiftUI";
			requirement = {
				kind = upToNextMajorVersion;
				minimumVersion = 3.1.3;
			};
		};
/* End XCRemoteSwiftPackageReference section */

/* Begin XCSwiftPackageProductDependency section */
		F57453202DDE0D7D0047E989 /* Lottie */ = {
			isa = XCSwiftPackageProductDependency;
			package = F574531F2DDE0D7D0047E989 /* XCRemoteSwiftPackageReference "lottie-ios" */;
			productName = Lottie;
		};
		F57453252DDE0DB90047E989 /* SDWebImageSwiftUI */ = {
			isa = XCSwiftPackageProductDependency;
			package = F57453242DDE0DB90047E989 /* XCRemoteSwiftPackageReference "SDWebImageSwiftUI" */;
			productName = SDWebImageSwiftUI;
		};
/* End XCSwiftPackageProductDependency section */
	};
	rootObject = F553F6932DDE06B400E06FEA /* Project object */;
}
